
Microsoft Visual Studio Solution File, Format Version 12.00
# Visual Studio Version 17
VisualStudioVersion = 17.5.33627.172
MinimumVisualStudioVersion = 10.0.40219.1
Project("{9A19103F-16F7-4668-BE54-9A1E7A4F7556}") = "TangyWeb_Server", "TangyWeb_Server\TangyWeb_Server.csproj", "{36B3E8FB-77C8-44CF-B193-E61EE06EDF09}"
	ProjectSection(ProjectDependencies) = postProject
		{6DFA8914-79D1-447F-B928-25CB9E8D8945} = {6DFA8914-79D1-447F-B928-25CB9E8D8945}
	EndProjectSection
EndProject
Project("{9A19103F-16F7-4668-BE54-9A1E7A4F7556}") = "TangyWeb_Client", "TangyWeb_Client\TangyWeb_Client.csproj", "{6A2E6AC1-71A8-464E-B3EC-37FD232ABDA4}"
EndProject
Project("{9A19103F-16F7-4668-BE54-9A1E7A4F7556}") = "Tangy_Models", "Tangy_Models\Tangy_Models.csproj", "{6DFA8914-79D1-447F-B928-25CB9E8D8945}"
EndProject
Project("{9A19103F-16F7-4668-BE54-9A1E7A4F7556}") = "Tangy_Business", "Tangy_Business\Tangy_Business.csproj", "{E6801F28-BC27-46CF-9C47-75AAC2340F62}"
EndProject
Project("{9A19103F-16F7-4668-BE54-9A1E7A4F7556}") = "Tangy_Common", "Tangy_Common\Tangy_Common.csproj", "{6E240E9D-4377-4455-8898-C9BB4E55E1FA}"
EndProject
Project("{9A19103F-16F7-4668-BE54-9A1E7A4F7556}") = "Tangy_DataAccess", "Tangy_DataAccess\Tangy_DataAccess.csproj", "{FB47F895-9D4A-41C9-A177-1EFA820436AE}"
EndProject
Global
	GlobalSection(SolutionConfigurationPlatforms) = preSolution
		Debug|Any CPU = Debug|Any CPU
		Release|Any CPU = Release|Any CPU
	EndGlobalSection
	GlobalSection(ProjectConfigurationPlatforms) = postSolution
		{36B3E8FB-77C8-44CF-B193-E61EE06EDF09}.Debug|Any CPU.ActiveCfg = Debug|Any CPU
		{36B3E8FB-77C8-44CF-B193-E61EE06EDF09}.Debug|Any CPU.Build.0 = Debug|Any CPU
		{36B3E8FB-77C8-44CF-B193-E61EE06EDF09}.Release|Any CPU.ActiveCfg = Release|Any CPU
		{36B3E8FB-77C8-44CF-B193-E61EE06EDF09}.Release|Any CPU.Build.0 = Release|Any CPU
		{6A2E6AC1-71A8-464E-B3EC-37FD232ABDA4}.Debug|Any CPU.ActiveCfg = Debug|Any CPU
		{6A2E6AC1-71A8-464E-B3EC-37FD232ABDA4}.Debug|Any CPU.Build.0 = Debug|Any CPU
		{6A2E6AC1-71A8-464E-B3EC-37FD232ABDA4}.Release|Any CPU.ActiveCfg = Release|Any CPU
		{6A2E6AC1-71A8-464E-B3EC-37FD232ABDA4}.Release|Any CPU.Build.0 = Release|Any CPU
		{6DFA8914-79D1-447F-B928-25CB9E8D8945}.Debug|Any CPU.ActiveCfg = Debug|Any CPU
		{6DFA8914-79D1-447F-B928-25CB9E8D8945}.Debug|Any CPU.Build.0 = Debug|Any CPU
		{6DFA8914-79D1-447F-B928-25CB9E8D8945}.Release|Any CPU.ActiveCfg = Release|Any CPU
		{6DFA8914-79D1-447F-B928-25CB9E8D8945}.Release|Any CPU.Build.0 = Release|Any CPU
		{E6801F28-BC27-46CF-9C47-75AAC2340F62}.Debug|Any CPU.ActiveCfg = Debug|Any CPU
		{E6801F28-BC27-46CF-9C47-75AAC2340F62}.Debug|Any CPU.Build.0 = Debug|Any CPU
		{E6801F28-BC27-46CF-9C47-75AAC2340F62}.Release|Any CPU.ActiveCfg = Release|Any CPU
		{E6801F28-BC27-46CF-9C47-75AAC2340F62}.Release|Any CPU.Build.0 = Release|Any CPU
		{6E240E9D-4377-4455-8898-C9BB4E55E1FA}.Debug|Any CPU.ActiveCfg = Debug|Any CPU
		{6E240E9D-4377-4455-8898-C9BB4E55E1FA}.Debug|Any CPU.Build.0 = Debug|Any CPU
		{6E240E9D-4377-4455-8898-C9BB4E55E1FA}.Release|Any CPU.ActiveCfg = Release|Any CPU
		{6E240E9D-4377-4455-8898-C9BB4E55E1FA}.Release|Any CPU.Build.0 = Release|Any CPU
		{FB47F895-9D4A-41C9-A177-1EFA820436AE}.Debug|Any CPU.ActiveCfg = Debug|Any CPU
		{FB47F895-9D4A-41C9-A177-1EFA820436AE}.Debug|Any CPU.Build.0 = Debug|Any CPU
		{FB47F895-9D4A-41C9-A177-1EFA820436AE}.Release|Any CPU.ActiveCfg = Release|Any CPU
		{FB47F895-9D4A-41C9-A177-1EFA820436AE}.Release|Any CPU.Build.0 = Release|Any CPU
	EndGlobalSection
	GlobalSection(SolutionProperties) = preSolution
		HideSolutionNode = FALSE
	EndGlobalSection
	GlobalSection(ExtensibilityGlobals) = postSolution
		SolutionGuid = {40718E2D-A7C1-41A8-B8C9-371C61CC009E}
	EndGlobalSection
EndGlobal
